// !$*UTF8*$!
{
	archiveVersion = 1;
	classes = {
	};
	objectVersion = 46;
	objects = {

/* Begin PBXBuildFile section */
		182D27CC1A5A99AF00E1B8E7 /* main.m in Sources */ = {isa = PBXBuildFile; fileRef = 182D27CB1A5A99AF00E1B8E7 /* main.m */; };
		182D27CF1A5A99AF00E1B8E7 /* AppDelegate.m in Sources */ = {isa = PBXBuildFile; fileRef = 182D27CE1A5A99AF00E1B8E7 /* AppDelegate.m */; };
		182D27D21A5A99AF00E1B8E7 /* ViewController.m in Sources */ = {isa = PBXBuildFile; fileRef = 182D27D11A5A99AF00E1B8E7 /* ViewController.m */; };
		182D27D51A5A99AF00E1B8E7 /* Main.storyboard in Resources */ = {isa = PBXBuildFile; fileRef = 182D27D31A5A99AF00E1B8E7 /* Main.storyboard */; };
		182D27D71A5A99AF00E1B8E7 /* Images.xcassets in Resources */ = {isa = PBXBuildFile; fileRef = 182D27D61A5A99AF00E1B8E7 /* Images.xcassets */; };
		182D27DA1A5A99AF00E1B8E7 /* LaunchScreen.xib in Resources */ = {isa = PBXBuildFile; fileRef = 182D27D81A5A99AF00E1B8E7 /* LaunchScreen.xib */; };
		182D27E61A5A99AF00E1B8E7 /* weiboTests.m in Sources */ = {isa = PBXBuildFile; fileRef = 182D27E51A5A99AF00E1B8E7 /* weiboTests.m */; };
/* End PBXBuildFile section */

/* Begin PBXContainerItemProxy section */
		182D27E01A5A99AF00E1B8E7 /* PBXContainerItemProxy */ = {
			isa = PBXContainerItemProxy;
			containerPortal = 182D27BE1A5A99AF00E1B8E7 /* Project object */;
			proxyType = 1;
			remoteGlobalIDString = 182D27C51A5A99AF00E1B8E7;
			remoteInfo = weibo;
		};
/* End PBXContainerItemProxy section */

/* Begin PBXFileReference section */
		182D27C61A5A99AF00E1B8E7 /* weibo.app */ = {isa = PBXFileReference; explicitFileType = wrapper.application; includeInIndex = 0; path = weibo.app; sourceTree = BUILT_PRODUCTS_DIR; };
		182D27CA1A5A99AF00E1B8E7 /* Info.plist */ = {isa = PBXFileReference; lastKnownFileType = text.plist.xml; path = Info.plist; sourceTree = "<group>"; };
		182D27CB1A5A99AF00E1B8E7 /* main.m */ = {isa = PBXFileReference; lastKnownFileType = sourcecode.c.objc; path = main.m; sourceTree = "<group>"; };
		182D27CD1A5A99AF00E1B8E7 /* AppDelegate.h */ = {isa = PBXFileReference; lastKnownFileType = sourcecode.c.h; path = AppDelegate.h; sourceTree = "<group>"; };
		182D27CE1A5A99AF00E1B8E7 /* AppDelegate.m */ = {isa = PBXFileReference; lastKnownFileType = sourcecode.c.objc; path = AppDelegate.m; sourceTree = "<group>"; };
		182D27D01A5A99AF00E1B8E7 /* ViewController.h */ = {isa = PBXFileReference; lastKnownFileType = sourcecode.c.h; path = ViewController.h; sourceTree = "<group>"; };
		182D27D11A5A99AF00E1B8E7 /* ViewController.m */ = {isa = PBXFileReference; lastKnownFileType = sourcecode.c.objc; path = ViewController.m; sourceTree = "<group>"; };
		182D27D41A5A99AF00E1B8E7 /* Base */ = {isa = PBXFileReference; lastKnownFileType = file.storyboard; name = Base; path = Base.lproj/Main.storyboard; sourceTree = "<group>"; };
		182D27D61A5A99AF00E1B8E7 /* Images.xcassets */ = {isa = PBXFileReference; lastKnownFileType = folder.assetcatalog; path = Images.xcassets; sourceTree = "<group>"; };
		182D27D91A5A99AF00E1B8E7 /* Base */ = {isa = PBXFileReference; lastKnownFileType = file.xib; name = Base; path = Base.lproj/LaunchScreen.xib; sourceTree = "<group>"; };
		182D27DF1A5A99AF00E1B8E7 /* weiboTests.xctest */ = {isa = PBXFileReference; explicitFileType = wrapper.cfbundle; includeInIndex = 0; path = weiboTests.xctest; sourceTree = BUILT_PRODUCTS_DIR; };
		182D27E41A5A99AF00E1B8E7 /* Info.plist */ = {isa = PBXFileReference; lastKnownFileType = text.plist.xml; path = Info.plist; sourceTree = "<group>"; };
		182D27E51A5A99AF00E1B8E7 /* weiboTests.m */ = {isa = PBXFileReference; lastKnownFileType = sourcecode.c.objc; path = weiboTests.m; sourceTree = "<group>"; };
/* End PBXFileReference section */

/* Begin PBXFrameworksBuildPhase section */
		182D27C31A5A99AF00E1B8E7 /* Frameworks */ = {
			isa = PBXFrameworksBuildPhase;
			buildActionMask = 2147483647;
			files = (
			);
			runOnlyForDeploymentPostprocessing = 0;
		};
		182D27DC1A5A99AF00E1B8E7 /* Frameworks */ = {
			isa = PBXFrameworksBuildPhase;
			buildActionMask = 2147483647;
			files = (
			);
			runOnlyForDeploymentPostprocessing = 0;
		};
/* End PBXFrameworksBuildPhase section */

/* Begin PBXGroup section */
		182D27BD1A5A99AF00E1B8E7 = {
			isa = PBXGroup;
			children = (
				182D27C81A5A99AF00E1B8E7 /* weibo */,
				182D27E21A5A99AF00E1B8E7 /* weiboTests */,
				182D27C71A5A99AF00E1B8E7 /* Products */,
			);
			sourceTree = "<group>";
		};
		182D27C71A5A99AF00E1B8E7 /* Products */ = {
			isa = PBXGroup;
			children = (
				182D27C61A5A99AF00E1B8E7 /* weibo.app */,
				182D27DF1A5A99AF00E1B8E7 /* weiboTests.xctest */,
			);
			name = Products;
			sourceTree = "<group>";
		};
		182D27C81A5A99AF00E1B8E7 /* weibo */ = {
			isa = PBXGroup;
			children = (
				182D27CD1A5A99AF00E1B8E7 /* AppDelegate.h */,
				182D27CE1A5A99AF00E1B8E7 /* AppDelegate.m */,
				182D27D01A5A99AF00E1B8E7 /* ViewController.h */,
				182D27D11A5A99AF00E1B8E7 /* ViewController.m */,
				182D27D31A5A99AF00E1B8E7 /* Main.storyboard */,
				182D27D61A5A99AF00E1B8E7 /* Images.xcassets */,
				182D27D81A5A99AF00E1B8E7 /* LaunchScreen.xib */,
				182D27C91A5A99AF00E1B8E7 /* Supporting Files */,
			);
			path = weibo;
			sourceTree = "<group>";
		};
		182D27C91A5A99AF00E1B8E7 /* Supporting Files */ = {
			isa = PBXGroup;
			children = (
				182D27CA1A5A99AF00E1B8E7 /* Info.plist */,
				182D27CB1A5A99AF00E1B8E7 /* main.m */,
			);
			name = "Supporting Files";
			sourceTree = "<group>";
		};
		182D27E21A5A99AF00E1B8E7 /* weiboTests */ = {
			isa = PBXGroup;
			children = (
				182D27E51A5A99AF00E1B8E7 /* weiboTests.m */,
				182D27E31A5A99AF00E1B8E7 /* Supporting Files */,
			);
			path = weiboTests;
			sourceTree = "<group>";
		};
		182D27E31A5A99AF00E1B8E7 /* Supporting Files */ = {
			isa = PBXGroup;
			children = (
				182D27E41A5A99AF00E1B8E7 /* Info.plist */,
			);
			name = "Supporting Files";
			sourceTree = "<group>";
		};
/* End PBXGroup section */

/* Begin PBXNativeTarget section */
		182D27C51A5A99AF00E1B8E7 /* weibo */ = {
			isa = PBXNativeTarget;
			buildConfigurationList = 182D27E91A5A99AF00E1B8E7 /* Build configuration list for PBXNativeTarget "weibo" */;
			buildPhases = (
				182D27C21A5A99AF00E1B8E7 /* Sources */,
				182D27C31A5A99AF00E1B8E7 /* Frameworks */,
				182D27C41A5A99AF00E1B8E7 /* Resources */,
			);
			buildRules = (
			);
			dependencies = (
			);
			name = weibo;
			productName = weibo;
			productReference = 182D27C61A5A99AF00E1B8E7 /* weibo.app */;
			productType = "com.apple.product-type.application";
		};
		182D27DE1A5A99AF00E1B8E7 /* weiboTests */ = {
			isa = PBXNativeTarget;
			buildConfigurationList = 182D27EC1A5A99AF00E1B8E7 /* Build configuration list for PBXNativeTarget "weiboTests" */;
			buildPhases = (
				182D27DB1A5A99AF00E1B8E7 /* Sources */,
				182D27DC1A5A99AF00E1B8E7 /* Frameworks */,
				182D27DD1A5A99AF00E1B8E7 /* Resources */,
			);
			buildRules = (
			);
			dependencies = (
				182D27E11A5A99AF00E1B8E7 /* PBXTargetDependency */,
			);
			name = weiboTests;
			productName = weiboTests;
			productReference = 182D27DF1A5A99AF00E1B8E7 /* weiboTests.xctest */;
			productType = "com.apple.product-type.bundle.unit-test";
		};
/* End PBXNativeTarget section */

/* Begin PBXProject section */
		182D27BE1A5A99AF00E1B8E7 /* Project object */ = {
			isa = PBXProject;
			attributes = {
				LastUpgradeCheck = 0610;
				ORGANIZATIONNAME = cx;
				TargetAttributes = {
					182D27C51A5A99AF00E1B8E7 = {
						CreatedOnToolsVersion = 6.1.1;
					};
					182D27DE1A5A99AF00E1B8E7 = {
						CreatedOnToolsVersion = 6.1.1;
						TestTargetID = 182D27C51A5A99AF00E1B8E7;
					};
				};
			};
			buildConfigurationList = 182D27C11A5A99AF00E1B8E7 /* Build configuration list for PBXProject "weibo" */;
			compatibilityVersion = "Xcode 3.2";
			developmentRegion = English;
			hasScannedForEncodings = 0;
			knownRegions = (
				en,
				Base,
			);
			mainGroup = 182D27BD1A5A99AF00E1B8E7;
			productRefGroup = 182D27C71A5A99AF00E1B8E7 /* Products */;
			projectDirPath = "";
			projectRoot = "";
			targets = (
				182D27C51A5A99AF00E1B8E7 /* weibo */,
				182D27DE1A5A99AF00E1B8E7 /* weiboTests */,
			);
		};
/* End PBXProject section */

/* Begin PBXResourcesBuildPhase section */
		182D27C41A5A99AF00E1B8E7 /* Resources */ = {
			isa = PBXResourcesBuildPhase;
			buildActionMask = 2147483647;
			files = (
				182D27D51A5A99AF00E1B8E7 /* Main.storyboard in Resources */,
				182D27DA1A5A99AF00E1B8E7 /* LaunchScreen.xib in Resources */,
				182D27D71A5A99AF00E1B8E7 /* Images.xcassets in Resources */,
			);
			runOnlyForDeploymentPostprocessing = 0;
		};
		182D27DD1A5A99AF00E1B8E7 /* Resources */ = {
			isa = PBXResourcesBuildPhase;
			buildActionMask = 2147483647;
			files = (
			);
			runOnlyForDeploymentPostprocessing = 0;
		};
/* End PBXResourcesBuildPhase section */

/* Begin PBXSourcesBuildPhase section */
		182D27C21A5A99AF00E1B8E7 /* Sources */ = {
			isa = PBXSourcesBuildPhase;
			buildActionMask = 2147483647;
			files = (
				182D27D21A5A99AF00E1B8E7 /* ViewController.m in Sources */,
				182D27CF1A5A99AF00E1B8E7 /* AppDelegate.m in Sources */,
				182D27CC1A5A99AF00E1B8E7 /* main.m in Sources */,
			);
			runOnlyForDeploymentPostprocessing = 0;
		};
		182D27DB1A5A99AF00E1B8E7 /* Sources */ = {
			isa = PBXSourcesBuildPhase;
			buildActionMask = 2147483647;
			files = (
				182D27E61A5A99AF00E1B8E7 /* weiboTests.m in Sources */,
			);
			runOnlyForDeploymentPostprocessing = 0;
		};
/* End PBXSourcesBuildPhase section */

/* Begin PBXTargetDependency section */
		182D27E11A5A99AF00E1B8E7 /* PBXTargetDependency */ = {
			isa = PBXTargetDependency;
			target = 182D27C51A5A99AF00E1B8E7 /* weibo */;
			targetProxy = 182D27E01A5A99AF00E1B8E7 /* PBXContainerItemProxy */;
		};
/* End PBXTargetDependency section */

/* Begin PBXVariantGroup section */
		182D27D31A5A99AF00E1B8E7 /* Main.storyboard */ = {
			isa = PBXVariantGroup;
			children = (
				182D27D41A5A99AF00E1B8E7 /* Base */,
			);
			name = Main.storyboard;
			sourceTree = "<group>";
		};
		182D27D81A5A99AF00E1B8E7 /* LaunchScreen.xib */ = {
			isa = PBXVariantGroup;
			children = (
				182D27D91A5A99AF00E1B8E7 /* Base */,
			);
			name = LaunchScreen.xib;
			sourceTree = "<group>";
		};
/* End PBXVariantGroup section */

/* Begin XCBuildConfiguration section */
		182D27E71A5A99AF00E1B8E7 /* Debug */ = {
			isa = XCBuildConfiguration;
			buildSettings = {
				ALWAYS_SEARCH_USER_PATHS = NO;
				CLANG_CXX_LANGUAGE_STANDARD = "gnu++0x";
				CLANG_CXX_LIBRARY = "libc++";
				CLANG_ENABLE_MODULES = YES;
				CLANG_ENABLE_OBJC_ARC = YES;
				CLANG_WARN_BOOL_CONVERSION = YES;
				CLANG_WARN_CONSTANT_CONVERSION = YES;
				CLANG_WARN_DIRECT_OBJC_ISA_USAGE = YES_ERROR;
				CLANG_WARN_EMPTY_BODY = YES;
				CLANG_WARN_ENUM_CONVERSION = YES;
				CLANG_WARN_INT_CONVERSION = YES;
				CLANG_WARN_OBJC_ROOT_CLASS = YES_ERROR;
				CLANG_WARN_UNREACHABLE_CODE = YES;
				CLANG_WARN__DUPLICATE_METHOD_MATCH = YES;
				"CODE_SIGN_IDENTITY[sdk=iphoneos*]" = "iPhone Developer";
				COPY_PHASE_STRIP = NO;
				ENABLE_STRICT_OBJC_MSGSEND = YES;
				GCC_C_LANGUAGE_STANDARD = gnu99;
				GCC_DYNAMIC_NO_PIC = NO;
				GCC_OPTIMIZATION_LEVEL = 0;
				GCC_PREPROCESSOR_DEFINITIONS = (
					"DEBUG=1",
					"$(inherited)",
				);
				GCC_SYMBOLS_PRIVATE_EXTERN = NO;
				GCC_WARN_64_TO_32_BIT_CONVERSION = YES;
				GCC_WARN_ABOUT_RETURN_TYPE = YES_ERROR;
				GCC_WARN_UNDECLARED_SELECTOR = YES;
				GCC_WARN_UNINITIALIZED_AUTOS = YES_AGGRESSIVE;
				GCC_WARN_UNUSED_FUNCTION = YES;
				GCC_WARN_UNUSED_VARIABLE = YES;
				IPHONEOS_DEPLOYMENT_TARGET = 8.1;
				MTL_ENABLE_DEBUG_INFO = YES;
				ONLY_ACTIVE_ARCH = YES;
				SDKROOT = iphoneos;
			};
			name = Debug;
		};
		182D27E81A5A99AF00E1B8E7 /* Release */ = {
			isa = XCBuildConfiguration;
			buildSettings = {
				ALWAYS_SEARCH_USER_PATHS = NO;
				CLANG_CXX_LANGUAGE_STANDARD = "gnu++0x";
				CLANG_CXX_LIBRARY = "libc++";
				CLANG_ENABLE_MODULES = YES;
				CLANG_ENABLE_OBJC_ARC = YES;
				CLANG_WARN_BOOL_CONVERSION = YES;
				CLANG_WARN_CONSTANT_CONVERSION = YES;
				CLANG_WARN_DIRECT_OBJC_ISA_USAGE = YES_ERROR;
				CLANG_WARN_EMPTY_BODY = YES;
				CLANG_WARN_ENUM_CONVERSION = YES;
				CLANG_WARN_INT_CONVERSION = YES;
				CLANG_WARN_OBJC_ROOT_CLASS = YES_ERROR;
				CLANG_WARN_UNREACHABLE_CODE = YES;
				CLANG_WARN__DUPLICATE_METHOD_MATCH = YES;
				"CODE_SIGN_IDENTITY[sdk=iphoneos*]" = "iPhone Developer";
				COPY_PHASE_STRIP = YES;
				ENABLE_NS_ASSERTIONS = NO;
				ENABLE_STRICT_OBJC_MSGSEND = YES;
				GCC_C_LANGUAGE_STANDARD = gnu99;
				GCC_WARN_64_TO_32_BIT_CONVERSION = YES;
				GCC_WARN_ABOUT_RETURN_TYPE = YES_ERROR;
				GCC_WARN_UNDECLARED_SELECTOR = YES;
				GCC_WARN_UNINITIALIZED_AUTOS = YES_AGGRESSIVE;
				GCC_WARN_UNUSED_FUNCTION = YES;
				GCC_WARN_UNUSED_VARIABLE = YES;
				IPHONEOS_DEPLOYMENT_TARGET = 8.1;
				MTL_ENABLE_DEBUG_INFO = NO;
				SDKROOT = iphoneos;
				VALIDATE_PRODUCT = YES;
			};
			name = Release;
		};
		182D27EA1A5A99AF00E1B8E7 /* Debug */ = {
			isa = XCBuildConfiguration;
			buildSettings = {
				ASSETCATALOG_COMPILER_APPICON_NAME = AppIcon;
				INFOPLIST_FILE = weibo/Info.plist;
				LD_RUNPATH_SEARCH_PATHS = "$(inherited) @executable_path/Frameworks";
				PRODUCT_NAME = "$(TARGET_NAME)";
			};
			name = Debug;
		};
		182D27EB1A5A99AF00E1B8E7 /* Release */ = {
			isa = XCBuildConfiguration;
			buildSettings = {
				ASSETCATALOG_COMPILER_APPICON_NAME = AppIcon;
				INFOPLIST_FILE = weibo/Info.plist;
				LD_RUNPATH_SEARCH_PATHS = "$(inherited) @executable_path/Frameworks";
				PRODUCT_NAME = "$(TARGET_NAME)";
			};
			name = Release;
		};
		182D27ED1A5A99AF00E1B8E7 /* Debug */ = {
			isa = XCBuildConfiguration;
			buildSettings = {
				BUNDLE_LOADER = "$(TEST_HOST)";
				FRAMEWORK_SEARCH_PATHS = (
					"$(SDKROOT)/Developer/Library/Frameworks",
					"$(inherited)",
				);
				GCC_PREPROCESSOR_DEFINITIONS = (
					"DEBUG=1",
					"$(inherited)",
				);
				INFOPLIST_FILE = weiboTests/Info.plist;
				LD_RUNPATH_SEARCH_PATHS = "$(inherited) @executable_path/Frameworks @loader_path/Frameworks";
				PRODUCT_NAME = "$(TARGET_NAME)";
				TEST_HOST = "$(BUILT_PRODUCTS_DIR)/weibo.app/weibo";
			};
			name = Debug;
		};
		182D27EE1A5A99AF00E1B8E7 /* Release */ = {
			isa = XCBuildConfiguration;
			buildSettings = {
				BUNDLE_LOADER = "$(TEST_HOST)";
				FRAMEWORK_SEARCH_PATHS = (
					"$(SDKROOT)/Developer/Library/Frameworks",
					"$(inherited)",
				);
				INFOPLIST_FILE = weiboTests/Info.plist;
				LD_RUNPATH_SEARCH_PATHS = "$(inherited) @executable_path/Frameworks @loader_path/Frameworks";
				PRODUCT_NAME = "$(TARGET_NAME)";
				TEST_HOST = "$(BUILT_PRODUCTS_DIR)/weibo.app/weibo";
			};
			name = Release;
		};
/* End XCBuildConfiguration section */

/* Begin XCConfigurationList section */
		182D27C11A5A99AF00E1B8E7 /* Build configuration list for PBXProject "weibo" */ = {
			isa = XCConfigurationList;
			buildConfigurations = (
				182D27E71A5A99AF00E1B8E7 /* Debug */,
				182D27E81A5A99AF00E1B8E7 /* Release */,
			);
			defaultConfigurationIsVisible = 0;
			defaultConfigurationName = Release;
		};
		182D27E91A5A99AF00E1B8E7 /* Build configuration list for PBXNativeTarget "weibo" */ = {
			isa = XCConfigurationList;
			buildConfigurations = (
				182D27EA1A5A99AF00E1B8E7 /* Debug */,
				182D27EB1A5A99AF00E1B8E7 /* Release */,
			);
			defaultConfigurationIsVisible = 0;
		};
		182D27EC1A5A99AF00E1B8E7 /* Build configuration list for PBXNativeTarget "weiboTests" */ = {
			isa = XCConfigurationList;
			buildConfigurations = (
				182D27ED1A5A99AF00E1B8E7 /* Debug */,
				182D27EE1A5A99AF00E1B8E7 /* Release */,
			);
			defaultConfigurationIsVisible = 0;
		};
/* End XCConfigurationList section */
	};
	rootObject = 182D27BE1A5A99AF00E1B8E7 /* Project object */;
}
